
Microsoft Visual Studio Solution File, Format Version 12.00
# Visual Studio Version 17
VisualStudioVersion = 17.2.32526.322
MinimumVisualStudioVersion = 10.0.40219.1
Project("{FAE04EC0-301F-11D3-BF4B-00C04F79EFBC}") = "Forms CheckBox", "Forms CheckBox\Forms CheckBox.csproj", "{6606C236-11BE-4160-965A-F0FB71228B5F}"
EndProject
Global
	GlobalSection(SolutionConfigurationPlatforms) = preSolution
		Debug|Any CPU = Debug|Any CPU
		Release|Any CPU = Release|Any CPU
	EndGlobalSection
	GlobalSection(ProjectConfigurationPlatforms) = postSolution
		{6606C236-11BE-4160-965A-F0FB71228B5F}.Debug|Any CPU.ActiveCfg = Debug|Any CPU
		{6606C236-11BE-4160-965A-F0FB71228B5F}.Debug|Any CPU.Build.0 = Debug|Any CPU
		{6606C236-11BE-4160-965A-F0FB71228B5F}.Release|Any CPU.ActiveCfg = Release|Any CPU
		{6606C236-11BE-4160-965A-F0FB71228B5F}.Release|Any CPU.Build.0 = Release|Any CPU
	EndGlobalSection
	GlobalSection(SolutionProperties) = preSolution
		HideSolutionNode = FALSE
	EndGlobalSection
	GlobalSection(ExtensibilityGlobals) = postSolution
		SolutionGuid = {BB28BC85-B187-4161-B3C8-793C65C5E828}
	EndGlobalSection
EndGlobal
